dependencies:
- name: victoria-logs-collector
  repository: oci://ghcr.io/victoriametrics/helm-charts
  version: 0.3.7
- name: kube-state-metrics
  repository: oci://ghcr.io/prometheus-community/charts
  version: 7.5.3
- name: prometheus-node-exporter
  repository: oci://ghcr.io/prometheus-community/charts
  version: 4.55.1
digest: sha256:7134daede74ab6685a84683b0f853fce7db1a66d0dc122eff51e79b103638f17
generated: "2026-09-30T12:35:29.275597319+02:00"
