dependencies:
- name: victoria-logs-collector
  repository: oci://ghcr.io/victoriametrics/helm-charts
  version: 0.3.7
- name: kube-state-metrics
  repository: oci://ghcr.io/prometheus-community/charts
  version: 7.5.3
digest: sha256:94174e7af30ca2d1207d61bb42590e1299ad80603bd339eaacdd0afd7cbd82ae
generated: "2026-09-26T23:56:44.99749565+02:00"
