# expect: clientsFrom[0].from[0] admits a client by `ipBlock` alone
# A client named by its pod IP: works until the pod is rescheduled.
# No proxy: no principals to admit, so none of the tenancy refusals
# apply and none can preempt this fixture's own.
vmauth:
  enabled: false

# The minimum receiver that keeps the "no receiver configured" refusal
# (Alertmanager is on by default) from preempting this fixture's own.
notifications:
  externalUrl: https://grafana.example
  slack:
    webhookSecret: {name: example-slack-webhook, key: url}
  severities:
    critical: {receiver: slack, channel: "#alerts-critical"}
    warning: {receiver: slack, channel: "#alerts"}

networkPolicy:
  enabled: true
  clientsFrom:
    - from:
        - ipBlock: {cidr: 10.0.0.12/32}
